PODS:
  - Flutter (1.0.0)
  - my_speech_to_text (0.0.1):
    - Flutter

DEPENDENCIES:
  - Flutter (from `Flutter`)
  - my_speech_to_text (from `.symlinks/plugins/my_speech_to_text/ios`)

EXTERNAL SOURCES:
  Flutter:
    :path: Flutter
  my_speech_to_text:
    :path: ".symlinks/plugins/my_speech_to_text/ios"

SPEC CHECKSUMS:
  Flutter: 434fef37c0980e73bb6479ef766c45957d4b510c
  my_speech_to_text: cc0b2bad47d030cf12daa484befdc047bae9f0da

PODFILE CHECKSUM: aafe91acc616949ddb318b77800a7f51bffa2a4c

COCOAPODS: 1.10.1
